
Microsoft Visual Studio Solution File, Format Version 12.00
# Visual Studio Version 17
VisualStudioVersion = 17.6.33801.468
MinimumVisualStudioVersion = 10.0.40219.1
Project("{FAE04EC0-301F-11D3-BF4B-00C04F79EFBC}") = "ProjetoUFCD5417", "ProjetoUFCD5417.csproj", "{274BC386-0FAC-4D55-905B-7BD06104D974}"
EndProject
Global
	GlobalSection(SolutionConfigurationPlatforms) = preSolution
		Debug|Any CPU = Debug|Any CPU
		Release|Any CPU = Release|Any CPU
	EndGlobalSection
	GlobalSection(ProjectConfigurationPlatforms) = postSolution
		{274BC386-0FAC-4D55-905B-7BD06104D974}.Debug|Any CPU.ActiveCfg = Debug|Any CPU
		{274BC386-0FAC-4D55-905B-7BD06104D974}.Debug|Any CPU.Build.0 = Debug|Any CPU
		{274BC386-0FAC-4D55-905B-7BD06104D974}.Release|Any CPU.ActiveCfg = Release|Any CPU
		{274BC386-0FAC-4D55-905B-7BD06104D974}.Release|Any CPU.Build.0 = Release|Any CPU
	EndGlobalSection
	GlobalSection(SolutionProperties) = preSolution
		HideSolutionNode = FALSE
	EndGlobalSection
	GlobalSection(ExtensibilityGlobals) = postSolution
		SolutionGuid = {76E7A985-37CF-4D5F-A63F-BC6435089BD7}
	EndGlobalSection
EndGlobal
